Microsoft Visual Studio Solution File, Format Version 8.00
Project("{8BC9CEB8-8B4A-11D0-8D11-00A0C91BC942}") = "UvwToRgb", "UvwToRgb.vcproj", "{9DF205EC-2D2C-44B7-826A-D0C5E2B76DA7}"
	ProjectSection(ProjectDependencies) = postProject
	EndProjectSection
EndProject
Global
	GlobalSection(SolutionConfiguration) = preSolution
		ReleaseR5 = ReleaseR5
		DebugR5 = DebugR5
		HybridR5 = HybridR5
		ReleaseR6 = ReleaseR6
		DebugR6 = DebugR6
		HybridR6 = HybridR6
		ReleaseR7 = ReleaseR7
		DebugR7 = DebugR7
		HybridR7 = HybridR7
	EndGlobalSection
	GlobalSection(ProjectConfiguration) = postSolution
		{9DF205EC-2D2C-44B7-826A-D0C5E2B76DA7}.DebugR5.ActiveCfg = DebugR5|Win32
		{9DF205EC-2D2C-44B7-826A-D0C5E2B76DA7}.DebugR5.Build.0 = DebugR5|Win32
		{9DF205EC-2D2C-44B7-826A-D0C5E2B76DA7}.ReleaseR5.ActiveCfg = ReleaseR5|Win32
		{9DF205EC-2D2C-44B7-826A-D0C5E2B76DA7}.ReleaseR5.Build.0 = ReleaseR5|Win32
		{9DF205EC-2D2C-44B7-826A-D0C5E2B76DA7}.HybridR5.ActiveCfg = HybridR5|Win32
		{9DF205EC-2D2C-44B7-826A-D0C5E2B76DA7}.HybridR5.Build.0 = HybridR5|Win32
		{9DF205EC-2D2C-44B7-826A-D0C5E2B76DA7}.DebugR6.ActiveCfg = DebugR6|Win32
		{9DF205EC-2D2C-44B7-826A-D0C5E2B76DA7}.DebugR6.Build.0 = DebugR6|Win32
		{9DF205EC-2D2C-44B7-826A-D0C5E2B76DA7}.ReleaseR6.ActiveCfg = ReleaseR6|Win32
		{9DF205EC-2D2C-44B7-826A-D0C5E2B76DA7}.ReleaseR6.Build.0 = ReleaseR6|Win32
		{9DF205EC-2D2C-44B7-826A-D0C5E2B76DA7}.HybridR6.ActiveCfg = HybridR6|Win32
		{9DF205EC-2D2C-44B7-826A-D0C5E2B76DA7}.HybridR6.Build.0 = HybridR6|Win32
		{9DF205EC-2D2C-44B7-826A-D0C5E2B76DA7}.DebugR7.ActiveCfg = DebugR7|Win32
		{9DF205EC-2D2C-44B7-826A-D0C5E2B76DA7}.DebugR7.Build.0 = DebugR7|Win32
		{9DF205EC-2D2C-44B7-826A-D0C5E2B76DA7}.ReleaseR7.ActiveCfg = ReleaseR7|Win32
		{9DF205EC-2D2C-44B7-826A-D0C5E2B76DA7}.ReleaseR7.Build.0 = ReleaseR7|Win32
		{9DF205EC-2D2C-44B7-826A-D0C5E2B76DA7}.HybridR7.ActiveCfg = HybridR7|Win32
		{9DF205EC-2D2C-44B7-826A-D0C5E2B76DA7}.HybridR7.Build.0 = HybridR7|Win32
	EndGlobalSection
	GlobalSection(ExtensibilityGlobals) = postSolution
	EndGlobalSection
	GlobalSection(ExtensibilityAddIns) = postSolution
	EndGlobalSection
EndGlobal
